// !$*UTF8*$!
{
	archiveVersion = 1;
	classes = {
	};
	objectVersion = 77;
	objects = {

/* Begin PBXContainerItemProxy section */
		9CE1FE5B2D8A2BB6002A44E8 /* PBXContainerItemProxy */ = {
			isa = PBXContainerItemProxy;
			containerPortal = 9CE1FE422D8A2BB0002A44E8 /* Project object */;
			proxyType = 1;
			remoteGlobalIDString = 9CE1FE492D8A2BB0002A44E8;
			remoteInfo = BindingExample;
		};
		9CE1FE652D8A2BB6002A44E8 /* PBXContainerItemProxy */ = {
			isa = PBXContainerItemProxy;
			containerPortal = 9CE1FE422D8A2BB0002A44E8 /* Project object */;
			proxyType = 1;
			remoteGlobalIDString = 9CE1FE492D8A2BB0002A44E8;
			remoteInfo = BindingExample;
		};
/* End PBXContainerItemProxy section */

/* Begin PBXFileReference section */
		9CE1FE4A2D8A2BB0002A44E8 /* BindingExample.app */ = {isa = PBXFileReference; explicitFileType = wrapper.application; includeInIndex = 0; path = BindingExample.app; sourceTree = BUILT_PRODUCTS_DIR; };
		9CE1FE5A2D8A2BB6002A44E8 /* BindingExampleTests.xctest */ = {isa = PBXFileReference; explicitFileType = wrapper.cfbundle; includeInIndex = 0; path = BindingExampleTests.xctest; sourceTree = BUILT_PRODUCTS_DIR; };
		9CE1FE642D8A2BB6002A44E8 /* BindingExampleUITests.xctest */ = {isa = PBXFileReference; explicitFileType = wrapper.cfbundle; includeInIndex = 0; path = BindingExampleUITests.xctest; sourceTree = BUILT_PRODUCTS_DIR; };
/* End PBXFileReference section */

/* Begin PBXFileSystemSynchronizedRootGroup section */
		9CE1FE4C2D8A2BB0002A44E8 /* BindingExample */ = {
			isa = PBXFileSystemSynchronizedRootGroup;
			path = BindingExample;
			sourceTree = "<group>";
		};
		9CE1FE5D2D8A2BB6002A44E8 /* BindingExampleTests */ = {
			isa = PBXFileSystemSynchronizedRootGroup;
			path = BindingExampleTests;
			sourceTree = "<group>";
		};
		9CE1FE672D8A2BB6002A44E8 /* BindingExampleUITests */ = {
			isa = PBXFileSystemSynchronizedRootGroup;
			path = BindingExampleUITests;
			sourceTree = "<group>";
		};
/* End PBXFileSystemSynchronizedRootGroup section */

/* Begin PBXFrameworksBuildPhase section */
		9CE1FE472D8A2BB0002A44E8 /* Frameworks */ = {
			isa = PBXFrameworksBuildPhase;
			buildActionMask = 2147483647;
			files = (
			);
			runOnlyForDeploymentPostprocessing = 0;
		};
		9CE1FE572D8A2BB6002A44E8 /* Frameworks */ = {
			isa = PBXFrameworksBuildPhase;
			buildActionMask = 2147483647;
			files = (
			);
			runOnlyForDeploymentPostprocessing = 0;
		};
		9CE1FE612D8A2BB6002A44E8 /* Frameworks */ = {
			isa = PBXFrameworksBuildPhase;
			buildActionMask = 2147483647;
			files = (
			);
			runOnlyForDeploymentPostprocessing = 0;
		};
/* End PBXFrameworksBuildPhase section */

/* Begin PBXGroup section */
		9CE1FE412D8A2BB0002A44E8 = {
			isa = PBXGroup;
			children = (
				9CE1FE4C2D8A2BB0002A44E8 /* BindingExample */,
				9CE1FE5D2D8A2BB6002A44E8 /* BindingExampleTests */,
				9CE1FE672D8A2BB6002A44E8 /* BindingExampleUITests */,
				9CE1FE4B2D8A2BB0002A44E8 /* Products */,
			);
			sourceTree = "<group>";
		};
		9CE1FE4B2D8A2BB0002A44E8 /* Products */ = {
			isa = PBXGroup;
			children = (
				9CE1FE4A2D8A2BB0002A44E8 /* BindingExample.app */,
				9CE1FE5A2D8A2BB6002A44E8 /* BindingExampleTests.xctest */,
				9CE1FE642D8A2BB6002A44E8 /* BindingExampleUITests.xctest */,
			);
			name = Products;
			sourceTree = "<group>";
		};
/* End PBXGroup section */

/* Begin PBXNativeTarget section */
		9CE1FE492D8A2BB0002A44E8 /* BindingExample */ = {
			isa = PBXNativeTarget;
			buildConfigurationList = 9CE1FE6E2D8A2BB6002A44E8 /* Build configuration list for PBXNativeTarget "BindingExample" */;
			buildPhases = (
				9CE1FE462D8A2BB0002A44E8 /* Sources */,
				9CE1FE472D8A2BB0002A44E8 /* Frameworks */,
				9CE1FE482D8A2BB0002A44E8 /* Resources */,
			);
			buildRules = (
			);
			dependencies = (
			);
			fileSystemSynchronizedGroups = (
				9CE1FE4C2D8A2BB0002A44E8 /* BindingExample */,
			);
			name = BindingExample;
			packageProductDependencies = (
			);
			productName = BindingExample;
			productReference = 9CE1FE4A2D8A2BB0002A44E8 /* BindingExample.app */;
			productType = "com.apple.product-type.application";
		};
		9CE1FE592D8A2BB6002A44E8 /* BindingExampleTests */ = {
			isa = PBXNativeTarget;
			buildConfigurationList = 9CE1FE712D8A2BB6002A44E8 /* Build configuration list for PBXNativeTarget "BindingExampleTests" */;
			buildPhases = (
				9CE1FE562D8A2BB6002A44E8 /* Sources */,
				9CE1FE572D8A2BB6002A44E8 /* Frameworks */,
				9CE1FE582D8A2BB6002A44E8 /* Resources */,
			);
			buildRules = (
			);
			dependencies = (
				9CE1FE5C2D8A2BB6002A44E8 /* PBXTargetDependency */,
			);
			fileSystemSynchronizedGroups = (
				9CE1FE5D2D8A2BB6002A44E8 /* BindingExampleTests */,
			);
			name = BindingExampleTests;
			packageProductDependencies = (
			);
			productName = BindingExampleTests;
			productReference = 9CE1FE5A2D8A2BB6002A44E8 /* BindingExampleTests.xctest */;
			productType = "com.apple.product-type.bundle.unit-test";
		};
		9CE1FE632D8A2BB6002A44E8 /* BindingExampleUITests */ = {
			isa = PBXNativeTarget;
			buildConfigurationList = 9CE1FE742D8A2BB6002A44E8 /* Build configuration list for PBXNativeTarget "BindingExampleUITests" */;
			buildPhases = (
				9CE1FE602D8A2BB6002A44E8 /* Sources */,
				9CE1FE612D8A2BB6002A44E8 /* Frameworks */,
				9CE1FE622D8A2BB6002A44E8 /* Resources */,
			);
			buildRules = (
			);
			dependencies = (
				9CE1FE662D8A2BB6002A44E8 /* PBXTargetDependency */,
			);
			fileSystemSynchronizedGroups = (
				9CE1FE672D8A2BB6002A44E8 /* BindingExampleUITests */,
			);
			name = BindingExampleUITests;
			packageProductDependencies = (
			);
			productName = BindingExampleUITests;
			productReference = 9CE1FE642D8A2BB6002A44E8 /* BindingExampleUITests.xctest */;
			productType = "com.apple.product-type.bundle.ui-testing";
		};
/* End PBXNativeTarget section */

/* Begin PBXProject section */
		9CE1FE422D8A2BB0002A44E8 /* Project object */ = {
			isa = PBXProject;
			attributes = {
				BuildIndependentTargetsInParallel = 1;
				LastSwiftUpdateCheck = 1600;
				LastUpgradeCheck = 1600;
				TargetAttributes = {
					9CE1FE492D8A2BB0002A44E8 = {
						CreatedOnToolsVersion = 16.0;
					};
					9CE1FE592D8A2BB6002A44E8 = {
						CreatedOnToolsVersion = 16.0;
						TestTargetID = 9CE1FE492D8A2BB0002A44E8;
					};
					9CE1FE632D8A2BB6002A44E8 = {
						CreatedOnToolsVersion = 16.0;
						TestTargetID = 9CE1FE492D8A2BB0002A44E8;
					};
				};
			};
			buildConfigurationList = 9CE1FE452D8A2BB0002A44E8 /* Build configuration list for PBXProject "BindingExample" */;
			developmentRegion = en;
			hasScannedForEncodings = 0;
			knownRegions = (
				en,
				Base,
			);
			mainGroup = 9CE1FE412D8A2BB0002A44E8;
			minimizedProjectReferenceProxies = 1;
			preferredProjectObjectVersion = 77;
			productRefGroup = 9CE1FE4B2D8A2BB0002A44E8 /* Products */;
			projectDirPath = "";
			projectRoot = "";
			targets = (
				9CE1FE492D8A2BB0002A44E8 /* BindingExample */,
				9CE1FE592D8A2BB6002A44E8 /* BindingExampleTests */,
				9CE1FE632D8A2BB6002A44E8 /* BindingExampleUITests */,
			);
		};
/* End PBXProject section */

/* Begin PBXResourcesBuildPhase section */
		9CE1FE482D8A2BB0002A44E8 /* Resources */ = {
			isa = PBXResourcesBuildPhase;
			buildActionMask = 2147483647;
			files = (
			);
			runOnlyForDeploymentPostprocessing = 0;
		};
		9CE1FE582D8A2BB6002A44E8 /* Resources */ = {
			isa = PBXResourcesBuildPhase;
			buildActionMask = 2147483647;
			files = (
			);
			runOnlyForDeploymentPostprocessing = 0;
		};
		9CE1FE622D8A2BB6002A44E8 /* Resources */ = {
			isa = PBXResourcesBuildPhase;
			buildActionMask = 2147483647;
			files = (
			);
			runOnlyForDeploymentPostprocessing = 0;
		};
/* End PBXResourcesBuildPhase section */

/* Begin PBXSourcesBuildPhase section */
		9CE1FE462D8A2BB0002A44E8 /* Sources */ = {
			isa = PBXSourcesBuildPhase;
			buildActionMask = 2147483647;
			files = (
			);
			runOnlyForDeploymentPostprocessing = 0;
		};
		9CE1FE562D8A2BB6002A44E8 /* Sources */ = {
			isa = PBXSourcesBuildPhase;
			buildActionMask = 2147483647;
			files = (
			);
			runOnlyForDeploymentPostprocessing = 0;
		};
		9CE1FE602D8A2BB6002A44E8 /* Sources */ = {
			isa = PBXSourcesBuildPhase;
			buildActionMask = 2147483647;
			files = (
			);
			runOnlyForDeploymentPostprocessing = 0;
		};
/* End PBXSourcesBuildPhase section */

/* Begin PBXTargetDependency section */
		9CE1FE5C2D8A2BB6002A44E8 /* PBXTargetDependency */ = {
			isa = PBXTargetDependency;
			target = 9CE1FE492D8A2BB0002A44E8 /* BindingExample */;
			targetProxy = 9CE1FE5B2D8A2BB6002A44E8 /* PBXContainerItemProxy */;
		};
		9CE1FE662D8A2BB6002A44E8 /* PBXTargetDependency */ = {
			isa = PBXTargetDependency;
			target = 9CE1FE492D8A2BB0002A44E8 /* BindingExample */;
			targetProxy = 9CE1FE652D8A2BB6002A44E8 /* PBXContainerItemProxy */;
		};
/* End PBXTargetDependency section */

/* Begin XCBuildConfiguration section */
		9CE1FE6C2D8A2BB6002A44E8 /* Debug */ = {
			isa = XCBuildConfiguration;
			buildSettings = {
				ALWAYS_SEARCH_USER_PATHS = NO;
				ASSETCATALOG_COMPILER_GENERATE_SWIFT_ASSET_SYMBOL_EXTENSIONS = YES;
				CLANG_ANALYZER_NONNULL = YES;
				CLANG_ANALYZER_NUMBER_OBJECT_CONVERSION = YES_AGGRESSIVE;
				CLANG_CXX_LANGUAGE_STANDARD = "gnu++20";
				CLANG_ENABLE_MODULES = YES;
				CLANG_ENABLE_OBJC_ARC = YES;
				CLANG_ENABLE_OBJC_WEAK = YES;
				CLANG_WARN_BLOCK_CAPTURE_AUTORELEASING = YES;
				CLANG_WARN_BOOL_CONVERSION = YES;
				CLANG_WARN_COMMA = YES;
				CLANG_WARN_CONSTANT_CONVERSION = YES;
				CLANG_WARN_DEPRECATED_OBJC_IMPLEMENTATIONS = YES;
				CLANG_WARN_DIRECT_OBJC_ISA_USAGE = YES_ERROR;
				CLANG_WARN_DOCUMENTATION_COMMENTS = YES;
				CLANG_WARN_EMPTY_BODY = YES;
				CLANG_WARN_ENUM_CONVERSION = YES;
				CLANG_WARN_INFINITE_RECURSION = YES;
				CLANG_WARN_INT_CONVERSION = YES;
				CLANG_WARN_NON_LITERAL_NULL_CONVERSION = YES;
				CLANG_WARN_OBJC_IMPLICIT_RETAIN_SELF = YES;
				CLANG_WARN_OBJC_LITERAL_CONVERSION = YES;
				CLANG_WARN_OBJC_ROOT_CLASS = YES_ERROR;
				CLANG_WARN_QUOTED_INCLUDE_IN_FRAMEWORK_HEADER = YES;
				CLANG_WARN_RANGE_LOOP_ANALYSIS = YES;
				CLANG_WARN_STRICT_PROTOTYPES = YES;
				CLANG_WARN_SUSPICIOUS_MOVE = YES;
				CLANG_WARN_UNGUARDED_AVAILABILITY = YES_AGGRESSIVE;
				CLANG_WARN_UNREACHABLE_CODE = YES;
				CLANG_WARN__DUPLICATE_METHOD_MATCH = YES;
				COPY_PHASE_STRIP = NO;
				DEBUG_INFORMATION_FORMAT = dwarf;
				ENABLE_STRICT_OBJC_MSGSEND = YES;
				ENABLE_TESTABILITY = YES;
				ENABLE_USER_SCRIPT_SANDBOXING = YES;
				GCC_C_LANGUAGE_STANDARD = gnu17;
				GCC_DYNAMIC_NO_PIC = NO;
				GCC_NO_COMMON_BLOCKS = YES;
				GCC_OPTIMIZATION_LEVEL = 0;
				GCC_PREPROCESSOR_DEFINITIONS = (
					"DEBUG=1",
					"$(inherited)",
				);
				GCC_WARN_64_TO_32_BIT_CONVERSION = YES;
				GCC_WARN_ABOUT_RETURN_TYPE = YES_ERROR;
				GCC_WARN_UNDECLARED_SELECTOR = YES;
				GCC_WARN_UNINITIALIZED_AUTOS = YES_AGGRESSIVE;
				GCC_WARN_UNUSED_FUNCTION = YES;
				GCC_WARN_UNUSED_VARIABLE = YES;
				IPHONEOS_DEPLOYMENT_TARGET = 18.0;
				LOCALIZATION_PREFERS_STRING_CATALOGS = YES;
				MTL_ENABLE_DEBUG_INFO = INCLUDE_SOURCE;
				MTL_FAST_MATH = YES;
				ONLY_ACTIVE_ARCH = YES;
				SDKROOT = iphoneos;
				SWIFT_ACTIVE_COMPILATION_CONDITIONS = "DEBUG $(inherited)";
				SWIFT_OPTIMIZATION_LEVEL = "-Onone";
			};
			name = Debug;
		};
		9CE1FE6D2D8A2BB6002A44E8 /* Release */ = {
			isa = XCBuildConfiguration;
			buildSettings = {
				ALWAYS_SEARCH_USER_PATHS = NO;
				ASSETCATALOG_COMPILER_GENERATE_SWIFT_ASSET_SYMBOL_EXTENSIONS = YES;
				CLANG_ANALYZER_NONNULL = YES;
				CLANG_ANALYZER_NUMBER_OBJECT_CONVERSION = YES_AGGRESSIVE;
				CLANG_CXX_LANGUAGE_STANDARD = "gnu++20";
				CLANG_ENABLE_MODULES = YES;
				CLANG_ENABLE_OBJC_ARC = YES;
				CLANG_ENABLE_OBJC_WEAK = YES;
				CLANG_WARN_BLOCK_CAPTURE_AUTORELEASING = YES;
				CLANG_WARN_BOOL_CONVERSION = YES;
				CLANG_WARN_COMMA = YES;
				CLANG_WARN_CONSTANT_CONVERSION = YES;
				CLANG_WARN_DEPRECATED_OBJC_IMPLEMENTATIONS = YES;
				CLANG_WARN_DIRECT_OBJC_ISA_USAGE = YES_ERROR;
				CLANG_WARN_DOCUMENTATION_COMMENTS = YES;
				CLANG_WARN_EMPTY_BODY = YES;
				CLANG_WARN_ENUM_CONVERSION = YES;
				CLANG_WARN_INFINITE_RECURSION = YES;
				CLANG_WARN_INT_CONVERSION = YES;
				CLANG_WARN_NON_LITERAL_NULL_CONVERSION = YES;
				CLANG_WARN_OBJC_IMPLICIT_RETAIN_SELF = YES;
				CLANG_WARN_OBJC_LITERAL_CONVERSION = YES;
				CLANG_WARN_OBJC_ROOT_CLASS = YES_ERROR;
				CLANG_WARN_QUOTED_INCLUDE_IN_FRAMEWORK_HEADER = YES;
				CLANG_WARN_RANGE_LOOP_ANALYSIS = YES;
				CLANG_WARN_STRICT_PROTOTYPES = YES;
				CLANG_WARN_SUSPICIOUS_MOVE = YES;
				CLANG_WARN_UNGUARDED_AVAILABILITY = YES_AGGRESSIVE;
				CLANG_WARN_UNREACHABLE_CODE = YES;
				CLANG_WARN__DUPLICATE_METHOD_MATCH = YES;
				COPY_PHASE_STRIP = NO;
				DEBUG_INFORMATION_FORMAT = "dwarf-with-dsym";
				ENABLE_NS_ASSERTIONS = NO;
				ENABLE_STRICT_OBJC_MSGSEND = YES;
				ENABLE_USER_SCRIPT_SANDBOXING = YES;
				GCC_C_LANGUAGE_STANDARD = gnu17;
				GCC_NO_COMMON_BLOCKS = YES;
				GCC_WARN_64_TO_32_BIT_CONVERSION = YES;
				GCC_WARN_ABOUT_RETURN_TYPE = YES_ERROR;
				GCC_WARN_UNDECLARED_SELECTOR = YES;
				GCC_WARN_UNINITIALIZED_AUTOS = YES_AGGRESSIVE;
				GCC_WARN_UNUSED_FUNCTION = YES;
				GCC_WARN_UNUSED_VARIABLE = YES;
				IPHONEOS_DEPLOYMENT_TARGET = 18.0;
				LOCALIZATION_PREFERS_STRING_CATALOGS = YES;
				MTL_ENABLE_DEBUG_INFO = NO;
				MTL_FAST_MATH = YES;
				SDKROOT = iphoneos;
				SWIFT_COMPILATION_MODE = wholemodule;
				VALIDATE_PRODUCT = YES;
			};
			name = Release;
		};
		9CE1FE6F2D8A2BB6002A44E8 /* Debug */ = {
			isa = XCBuildConfiguration;
			buildSettings = {
				ASSETCATALOG_COMPILER_APPICON_NAME = AppIcon;
				ASSETCATALOG_COMPILER_GLOBAL_ACCENT_COLOR_NAME = AccentColor;
				CODE_SIGN_STYLE = Automatic;
				CURRENT_PROJECT_VERSION = 1;
				DEVELOPMENT_ASSET_PATHS = "\"BindingExample/Preview Content\"";
				ENABLE_PREVIEWS = YES;
				GENERATE_INFOPLIST_FILE = YES;
				INFOPLIST_KEY_UIApplicationSceneManifest_Generation = YES;
				INFOPLIST_KEY_UIApplicationSupportsIndirectInputEvents = YES;
				INFOPLIST_KEY_UILaunchScreen_Generation = YES;
				INFOPLIST_KEY_UISupportedInterfaceOrientations_iPad = "UIInterfaceOrientationPortrait UIInterfaceOrientationPortraitUpsideDown UIInterfaceOrientationLandscapeLeft UIInterfaceOrientationLandscapeRight";
				INFOPLIST_KEY_UISupportedInterfaceOrientations_iPhone = "UIInterfaceOrientationPortrait UIInterfaceOrientationLandscapeLeft UIInterfaceOrientationLandscapeRight";
				LD_RUNPATH_SEARCH_PATHS = (
					"$(inherited)",
					"@executable_path/Frameworks",
				);
				MARKETING_VERSION = 1.0;
				PRODUCT_BUNDLE_IDENTIFIER = EventPalz.com.BindingExample;
				PRODUCT_NAME = "$(TARGET_NAME)";
				SWIFT_EMIT_LOC_STRINGS = YES;
				SWIFT_VERSION = 5.0;
				TARGETED_DEVICE_FAMILY = "1,2";
			};
			name = Debug;
		};
		9CE1FE702D8A2BB6002A44E8 /* Release */ = {
			isa = XCBuildConfiguration;
			buildSettings = {
				ASSETCATALOG_COMPILER_APPICON_NAME = AppIcon;
				ASSETCATALOG_COMPILER_GLOBAL_ACCENT_COLOR_NAME = AccentColor;
				CODE_SIGN_STYLE = Automatic;
				CURRENT_PROJECT_VERSION = 1;
				DEVELOPMENT_ASSET_PATHS = "\"BindingExample/Preview Content\"";
				ENABLE_PREVIEWS = YES;
				GENERATE_INFOPLIST_FILE = YES;
				INFOPLIST_KEY_UIApplicationSceneManifest_Generation = YES;
				INFOPLIST_KEY_UIApplicationSupportsIndirectInputEvents = YES;
				INFOPLIST_KEY_UILaunchScreen_Generation = YES;
				INFOPLIST_KEY_UISupportedInterfaceOrientations_iPad = "UIInterfaceOrientationPortrait UIInterfaceOrientationPortraitUpsideDown UIInterfaceOrientationLandscapeLeft UIInterfaceOrientationLandscapeRight";
				INFOPLIST_KEY_UISupportedInterfaceOrientations_iPhone = "UIInterfaceOrientationPortrait UIInterfaceOrientationLandscapeLeft UIInterfaceOrientationLandscapeRight";
				LD_RUNPATH_SEARCH_PATHS = (
					"$(inherited)",
					"@executable_path/Frameworks",
				);
				MARKETING_VERSION = 1.0;
				PRODUCT_BUNDLE_IDENTIFIER = EventPalz.com.BindingExample;
				PRODUCT_NAME = "$(TARGET_NAME)";
				SWIFT_EMIT_LOC_STRINGS = YES;
				SWIFT_VERSION = 5.0;
				TARGETED_DEVICE_FAMILY = "1,2";
			};
			name = Release;
		};
		9CE1FE722D8A2BB6002A44E8 /* Debug */ = {
			isa = XCBuildConfiguration;
			buildSettings = {
				BUNDLE_LOADER = "$(TEST_HOST)";
				CODE_SIGN_STYLE = Automatic;
				CURRENT_PROJECT_VERSION = 1;
				GENERATE_INFOPLIST_FILE = YES;
				IPHONEOS_DEPLOYMENT_TARGET = 18.0;
				MARKETING_VERSION = 1.0;
				PRODUCT_BUNDLE_IDENTIFIER = EventPalz.com.BindingExampleTests;
				PRODUCT_NAME = "$(TARGET_NAME)";
				SWIFT_EMIT_LOC_STRINGS = NO;
				SWIFT_VERSION = 5.0;
				TARGETED_DEVICE_FAMILY = "1,2";
				TEST_HOST = "$(BUILT_PRODUCTS_DIR)/BindingExample.app/$(BUNDLE_EXECUTABLE_FOLDER_PATH)/BindingExample";
			};
			name = Debug;
		};
		9CE1FE732D8A2BB6002A44E8 /* Release */ = {
			isa = XCBuildConfiguration;
			buildSettings = {
				BUNDLE_LOADER = "$(TEST_HOST)";
				CODE_SIGN_STYLE = Automatic;
				CURRENT_PROJECT_VERSION = 1;
				GENERATE_INFOPLIST_FILE = YES;
				IPHONEOS_DEPLOYMENT_TARGET = 18.0;
				MARKETING_VERSION = 1.0;
				PRODUCT_BUNDLE_IDENTIFIER = EventPalz.com.BindingExampleTests;
				PRODUCT_NAME = "$(TARGET_NAME)";
				SWIFT_EMIT_LOC_STRINGS = NO;
				SWIFT_VERSION = 5.0;
				TARGETED_DEVICE_FAMILY = "1,2";
				TEST_HOST = "$(BUILT_PRODUCTS_DIR)/BindingExample.app/$(BUNDLE_EXECUTABLE_FOLDER_PATH)/BindingExample";
			};
			name = Release;
		};
		9CE1FE752D8A2BB6002A44E8 /* Debug */ = {
			isa = XCBuildConfiguration;
			buildSettings = {
				CODE_SIGN_STYLE = Automatic;
				CURRENT_PROJECT_VERSION = 1;
				GENERATE_INFOPLIST_FILE = YES;
				MARKETING_VERSION = 1.0;
				PRODUCT_BUNDLE_IDENTIFIER = EventPalz.com.BindingExampleUITests;
				PRODUCT_NAME = "$(TARGET_NAME)";
				SWIFT_EMIT_LOC_STRINGS = NO;
				SWIFT_VERSION = 5.0;
				TARGETED_DEVICE_FAMILY = "1,2";
				TEST_TARGET_NAME = BindingExample;
			};
			name = Debug;
		};
		9CE1FE762D8A2BB6002A44E8 /* Release */ = {
			isa = XCBuildConfiguration;
			buildSettings = {
				CODE_SIGN_STYLE = Automatic;
				CURRENT_PROJECT_VERSION = 1;
				GENERATE_INFOPLIST_FILE = YES;
				MARKETING_VERSION = 1.0;
				PRODUCT_BUNDLE_IDENTIFIER = EventPalz.com.BindingExampleUITests;
				PRODUCT_NAME = "$(TARGET_NAME)";
				SWIFT_EMIT_LOC_STRINGS = NO;
				SWIFT_VERSION = 5.0;
				TARGETED_DEVICE_FAMILY = "1,2";
				TEST_TARGET_NAME = BindingExample;
			};
			name = Release;
		};
/* End XCBuildConfiguration section */

/* Begin XCConfigurationList section */
		9CE1FE452D8A2BB0002A44E8 /* Build configuration list for PBXProject "BindingExample" */ = {
			isa = XCConfigurationList;
			buildConfigurations = (
				9CE1FE6C2D8A2BB6002A44E8 /* Debug */,
				9CE1FE6D2D8A2BB6002A44E8 /* Release */,
			);
			defaultConfigurationIsVisible = 0;
			defaultConfigurationName = Release;
		};
		9CE1FE6E2D8A2BB6002A44E8 /* Build configuration list for PBXNativeTarget "BindingExample" */ = {
			isa = XCConfigurationList;
			buildConfigurations = (
				9CE1FE6F2D8A2BB6002A44E8 /* Debug */,
				9CE1FE702D8A2BB6002A44E8 /* Release */,
			);
			defaultConfigurationIsVisible = 0;
			defaultConfigurationName = Release;
		};
		9CE1FE712D8A2BB6002A44E8 /* Build configuration list for PBXNativeTarget "BindingExampleTests" */ = {
			isa = XCConfigurationList;
			buildConfigurations = (
				9CE1FE722D8A2BB6002A44E8 /* Debug */,
				9CE1FE732D8A2BB6002A44E8 /* Release */,
			);
			defaultConfigurationIsVisible = 0;
			defaultConfigurationName = Release;
		};
		9CE1FE742D8A2BB6002A44E8 /* Build configuration list for PBXNativeTarget "BindingExampleUITests" */ = {
			isa = XCConfigurationList;
			buildConfigurations = (
				9CE1FE752D8A2BB6002A44E8 /* Debug */,
				9CE1FE762D8A2BB6002A44E8 /* Release */,
			);
			defaultConfigurationIsVisible = 0;
			defaultConfigurationName = Release;
		};
/* End XCConfigurationList section */
	};
	rootObject = 9CE1FE422D8A2BB0002A44E8 /* Project object */;
}
